
Microsoft Visual Studio Solution File, Format Version 12.00
# Visual Studio Version 17
VisualStudioVersion = 17.11.35327.3
MinimumVisualStudioVersion = 10.0.40219.1
Project("{FAE04EC0-301F-11D3-BF4B-00C04F79EFBC}") = "ConsoleProject", "ConsoleProject.csproj", "{718C9C8D-A2F3-474A-93C7-DF06BD250FBF}"
EndProject
Global
	GlobalSection(SolutionConfigurationPlatforms) = preSolution
		Debug|Any CPU = Debug|Any CPU
		Release|Any CPU = Release|Any CPU
	EndGlobalSection
	GlobalSection(ProjectConfigurationPlatforms) = postSolution
		{718C9C8D-A2F3-474A-93C7-DF06BD250FBF}.Debug|Any CPU.ActiveCfg = Debug|Any CPU
		{718C9C8D-A2F3-474A-93C7-DF06BD250FBF}.Debug|Any CPU.Build.0 = Debug|Any CPU
		{718C9C8D-A2F3-474A-93C7-DF06BD250FBF}.Release|Any CPU.ActiveCfg = Release|Any CPU
		{718C9C8D-A2F3-474A-93C7-DF06BD250FBF}.Release|Any CPU.Build.0 = Release|Any CPU
	EndGlobalSection
	GlobalSection(SolutionProperties) = preSolution
		HideSolutionNode = FALSE
	EndGlobalSection
	GlobalSection(ExtensibilityGlobals) = postSolution
		SolutionGuid = {8ED48706-1F34-4C01-BB20-67CBA7A58411}
	EndGlobalSection
EndGlobal
